
Microsoft Visual Studio Solution File, Format Version 12.00
# Visual Studio 15
Project("{FAE04EC0-301F-11D3-BF4B-00C04F79EFBC}") = "Assembly-CSharp", "Assembly-CSharp.csproj", "{3EAF0DE2-A544-F553-FBBE-4E88E2ADE59F}"
EndProject
Project("{FAE04EC0-301F-11D3-BF4B-00C04F79EFBC}") = "Assembly-CSharp-Editor", "Assembly-CSharp-Editor.csproj", "{226E5A37-8AB2-CD19-73C2-8BFF70FD858C}"
EndProject
Global
	GlobalSection(SolutionConfigurationPlatforms) = preSolution
		Debug|Any CPU = Debug|Any CPU
		Release|Any CPU = Release|Any CPU
	EndGlobalSection
	GlobalSection(ProjectConfigurationPlatforms) = postSolution
		{3EAF0DE2-A544-F553-FBBE-4E88E2ADE59F}.Debug|Any CPU.ActiveCfg = Debug|Any CPU
		{3EAF0DE2-A544-F553-FBBE-4E88E2ADE59F}.Debug|Any CPU.Build.0 = Debug|Any CPU
		{3EAF0DE2-A544-F553-FBBE-4E88E2ADE59F}.Release|Any CPU.ActiveCfg = Release|Any CPU
		{3EAF0DE2-A544-F553-FBBE-4E88E2ADE59F}.Release|Any CPU.Build.0 = Release|Any CPU
		{226E5A37-8AB2-CD19-73C2-8BFF70FD858C}.Debug|Any CPU.ActiveCfg = Debug|Any CPU
		{226E5A37-8AB2-CD19-73C2-8BFF70FD858C}.Debug|Any CPU.Build.0 = Debug|Any CPU
		{226E5A37-8AB2-CD19-73C2-8BFF70FD858C}.Release|Any CPU.ActiveCfg = Release|Any CPU
		{226E5A37-8AB2-CD19-73C2-8BFF70FD858C}.Release|Any CPU.Build.0 = Release|Any CPU
	EndGlobalSection
	GlobalSection(SolutionProperties) = preSolution
		HideSolutionNode = FALSE
	EndGlobalSection
EndGlobal
